// !$*UTF8*$!
{
	archiveVersion = 1;
	classes = {
	};
	objectVersion = 46;
	objects = {

/* Begin PBXBuildFile section */
		6E82C42E1EC58BB400DA5379 /* AppDelegate.swift in Sources */ = {isa = PBXBuildFile; fileRef = 6E82C42D1EC58BB400DA5379 /* AppDelegate.swift */; };
		6E82C4301EC58BB400DA5379 /* ViewController.swift in Sources */ = {isa = PBXBuildFile; fileRef = 6E82C42F1EC58BB400DA5379 /* ViewController.swift */; };
		6E82C4321EC58BB400DA5379 /* Assets.xcassets in Resources */ = {isa = PBXBuildFile; fileRef = 6E82C4311EC58BB400DA5379 /* Assets.xcassets */; };
		6E82C4351EC58BB400DA5379 /* Main.storyboard in Resources */ = {isa = PBXBuildFile; fileRef = 6E82C4331EC58BB400DA5379 /* Main.storyboard */; };
/* End PBXBuildFile section */

/* Begin PBXFileReference section */
		6E82C42A1EC58BB400DA5379 /* TestMacApp.app */ = {isa = PBXFileReference; explicitFileType = wrapper.application; includeInIndex = 0; path = TestMacApp.app; sourceTree = BUILT_PRODUCTS_DIR; };
		6E82C42D1EC58BB400DA5379 /* AppDelegate.swift */ = {isa = PBXFileReference; lastKnownFileType = sourcecode.swift; path = AppDelegate.swift; sourceTree = "<group>"; };
		6E82C42F1EC58BB400DA5379 /* ViewController.swift */ = {isa = PBXFileReference; lastKnownFileType = sourcecode.swift; path = ViewController.swift; sourceTree = "<group>"; };
		6E82C4311EC58BB400DA5379 /* Assets.xcassets */ = {isa = PBXFileReference; lastKnownFileType = folder.assetcatalog; path = Assets.xcassets; sourceTree = "<group>"; };
		6E82C4341EC58BB400DA5379 /* Base */ = {isa = PBXFileReference; lastKnownFileType = file.storyboard; name = Base; path = Base.lproj/Main.storyboard; sourceTree = "<group>"; };
		6E82C4361EC58BB400DA5379 /* Info.plist */ = {isa = PBXFileReference; lastKnownFileType = text.plist.xml; path = Info.plist; sourceTree = "<group>"; };
/* End PBXFileReference section */

/* Begin PBXFrameworksBuildPhase section */
		6E82C4271EC58BB400DA5379 /* Frameworks */ = {
			isa = PBXFrameworksBuildPhase;
			buildActionMask = 2147483647;
			files = (
			);
			runOnlyForDeploymentPostprocessing = 0;
		};
/* End PBXFrameworksBuildPhase section */

/* Begin PBXGroup section */
		6E82C4211EC58BB300DA5379 = {
			isa = PBXGroup;
			children = (
				6E82C42C1EC58BB400DA5379 /* TestMacApp */,
				6E82C42B1EC58BB400DA5379 /* Products */,
			);
			sourceTree = "<group>";
		};
		6E82C42B1EC58BB400DA5379 /* Products */ = {
			isa = PBXGroup;
			children = (
				6E82C42A1EC58BB400DA5379 /* TestMacApp.app */,
			);
			name = Products;
			sourceTree = "<group>";
		};
		6E82C42C1EC58BB400DA5379 /* TestMacApp */ = {
			isa = PBXGroup;
			children = (
				6E82C42D1EC58BB400DA5379 /* AppDelegate.swift */,
				6E82C42F1EC58BB400DA5379 /* ViewController.swift */,
				6E82C4311EC58BB400DA5379 /* Assets.xcassets */,
				6E82C4331EC58BB400DA5379 /* Main.storyboard */,
				6E82C4361EC58BB400DA5379 /* Info.plist */,
			);
			path = TestMacApp;
			sourceTree = "<group>";
		};
/* End PBXGroup section */

/* Begin PBXNativeTarget section */
		6E82C4291EC58BB400DA5379 /* TestMacApp */ = {
			isa = PBXNativeTarget;
			buildConfigurationList = 6E82C4391EC58BB400DA5379 /* Build configuration list for PBXNativeTarget "TestMacApp" */;
			buildPhases = (
				6E82C4261EC58BB400DA5379 /* Sources */,
				6E82C4271EC58BB400DA5379 /* Frameworks */,
				6E82C4281EC58BB400DA5379 /* Resources */,
			);
			buildRules = (
			);
			dependencies = (
			);
			name = TestMacApp;
			productName = TestMacApp;
			productReference = 6E82C42A1EC58BB400DA5379 /* TestMacApp.app */;
			productType = "com.apple.product-type.application";
		};
/* End PBXNativeTarget section */

/* Begin PBXProject section */
		6E82C4221EC58BB300DA5379 /* Project object */ = {
			isa = PBXProject;
			attributes = {
				LastSwiftUpdateCheck = 0830;
				LastUpgradeCheck = 0830;
				ORGANIZATIONNAME = "Bharat Byan";
				TargetAttributes = {
					6E82C4291EC58BB400DA5379 = {
						CreatedOnToolsVersion = 8.3.2;
						DevelopmentTeam = 45S5U7KJGD;
						ProvisioningStyle = Automatic;
					};
				};
			};
			buildConfigurationList = 6E82C4251EC58BB300DA5379 /* Build configuration list for PBXProject "TestMacApp" */;
			compatibilityVersion = "Xcode 3.2";
			developmentRegion = English;
			hasScannedForEncodings = 0;
			knownRegions = (
				en,
				Base,
			);
			mainGroup = 6E82C4211EC58BB300DA5379;
			productRefGroup = 6E82C42B1EC58BB400DA5379 /* Products */;
			projectDirPath = "";
			projectRoot = "";
			targets = (
				6E82C4291EC58BB400DA5379 /* TestMacApp */,
			);
		};
/* End PBXProject section */

/* Begin PBXResourcesBuildPhase section */
		6E82C4281EC58BB400DA5379 /* Resources */ = {
			isa = PBXResourcesBuildPhase;
			buildActionMask = 2147483647;
			files = (
				6E82C4321EC58BB400DA5379 /* Assets.xcassets in Resources */,
				6E82C4351EC58BB400DA5379 /* Main.storyboard in Resources */,
			);
			runOnlyForDeploymentPostprocessing = 0;
		};
/* End PBXResourcesBuildPhase section */

/* Begin PBXSourcesBuildPhase section */
		6E82C4261EC58BB400DA5379 /* Sources */ = {
			isa = PBXSourcesBuildPhase;
			buildActionMask = 2147483647;
			files = (
				6E82C4301EC58BB400DA5379 /* ViewController.swift in Sources */,
				6E82C42E1EC58BB400DA5379 /* AppDelegate.swift in Sources */,
			);
			runOnlyForDeploymentPostprocessing = 0;
		};
/* End PBXSourcesBuildPhase section */

/* Begin PBXVariantGroup section */
		6E82C4331EC58BB400DA5379 /* Main.storyboard */ = {
			isa = PBXVariantGroup;
			children = (
				6E82C4341EC58BB400DA5379 /* Base */,
			);
			name = Main.storyboard;
			sourceTree = "<group>";
		};
/* End PBXVariantGroup section */

/* Begin XCBuildConfiguration section */
		6E82C4371EC58BB400DA5379 /* Debug */ = {
			isa = XCBuildConfiguration;
			buildSettings = {
				ALWAYS_SEARCH_USER_PATHS = NO;
				CLANG_ANALYZER_NONNULL = YES;
				CLANG_ANALYZER_NUMBER_OBJECT_CONVERSION = YES_AGGRESSIVE;
				CLANG_CXX_LANGUAGE_STANDARD = "gnu++0x";
				CLANG_CXX_LIBRARY = "libc++";
				CLANG_ENABLE_MODULES = YES;
				CLANG_ENABLE_OBJC_ARC = YES;
				CLANG_WARN_BOOL_CONVERSION = YES;
				CLANG_WARN_CONSTANT_CONVERSION = YES;
				CLANG_WARN_DIRECT_OBJC_ISA_USAGE = YES_ERROR;
				CLANG_WARN_DOCUMENTATION_COMMENTS = YES;
				CLANG_WARN_EMPTY_BODY = YES;
				CLANG_WARN_ENUM_CONVERSION = YES;
				CLANG_WARN_INFINITE_RECURSION = YES;
				CLANG_WARN_INT_CONVERSION = YES;
				CLANG_WARN_OBJC_ROOT_CLASS = YES_ERROR;
				CLANG_WARN_SUSPICIOUS_MOVE = YES;
				CLANG_WARN_UNREACHABLE_CODE = YES;
				CLANG_WARN__DUPLICATE_METHOD_MATCH = YES;
				CODE_SIGN_IDENTITY = "-";
				COPY_PHASE_STRIP = NO;
				DEBUG_INFORMATION_FORMAT = dwarf;
				ENABLE_STRICT_OBJC_MSGSEND = YES;
				ENABLE_TESTABILITY = YES;
				GCC_C_LANGUAGE_STANDARD = gnu99;
				GCC_DYNAMIC_NO_PIC = NO;
				GCC_NO_COMMON_BLOCKS = YES;
				GCC_OPTIMIZATION_LEVEL = 0;
				GCC_PREPROCESSOR_DEFINITIONS = (
					"DEBUG=1",
					"$(inherited)",
				);
				GCC_WARN_64_TO_32_BIT_CONVERSION = YES;
				GCC_WARN_ABOUT_RETURN_TYPE = YES_ERROR;
				GCC_WARN_UNDECLARED_SELECTOR = YES;
				GCC_WARN_UNINITIALIZED_AUTOS = YES_AGGRESSIVE;
				GCC_WARN_UNUSED_FUNCTION = YES;
				GCC_WARN_UNUSED_VARIABLE = YES;
				MACOSX_DEPLOYMENT_TARGET = 10.12;
				MTL_ENABLE_DEBUG_INFO = YES;
				ONLY_ACTIVE_ARCH = YES;
				SDKROOT = macosx;
				SWIFT_ACTIVE_COMPILATION_CONDITIONS = DEBUG;
				SWIFT_OPTIMIZATION_LEVEL = "-Onone";
			};
			name = Debug;
		};
		6E82C4381EC58BB400DA5379 /* Release */ = {
			isa = XCBuildConfiguration;
			buildSettings = {
				ALWAYS_SEARCH_USER_PATHS = NO;
				CLANG_ANALYZER_NONNULL = YES;
				CLANG_ANALYZER_NUMBER_OBJECT_CONVERSION = YES_AGGRESSIVE;
				CLANG_CXX_LANGUAGE_STANDARD = "gnu++0x";
				CLANG_CXX_LIBRARY = "libc++";
				CLANG_ENABLE_MODULES = YES;
				CLANG_ENABLE_OBJC_ARC = YES;
				CLANG_WARN_BOOL_CONVERSION = YES;
				CLANG_WARN_CONSTANT_CONVERSION = YES;
				CLANG_WARN_DIRECT_OBJC_ISA_USAGE = YES_ERROR;
				CLANG_WARN_DOCUMENTATION_COMMENTS = YES;
				CLANG_WARN_EMPTY_BODY = YES;
				CLANG_WARN_ENUM_CONVERSION = YES;
				CLANG_WARN_INFINITE_RECURSION = YES;
				CLANG_WARN_INT_CONVERSION = YES;
				CLANG_WARN_OBJC_ROOT_CLASS = YES_ERROR;
				CLANG_WARN_SUSPICIOUS_MOVE = YES;
				CLANG_WARN_UNREACHABLE_CODE = YES;
				CLANG_WARN__DUPLICATE_METHOD_MATCH = YES;
				CODE_SIGN_IDENTITY = "-";
				COPY_PHASE_STRIP = NO;
				DEBUG_INFORMATION_FORMAT = "dwarf-with-dsym";
				ENABLE_NS_ASSERTIONS = NO;
				ENABLE_STRICT_OBJC_MSGSEND = YES;
				GCC_C_LANGUAGE_STANDARD = gnu99;
				GCC_NO_COMMON_BLOCKS = YES;
				GCC_WARN_64_TO_32_BIT_CONVERSION = YES;
				GCC_WARN_ABOUT_RETURN_TYPE = YES_ERROR;
				GCC_WARN_UNDECLARED_SELECTOR = YES;
				GCC_WARN_UNINITIALIZED_AUTOS = YES_AGGRESSIVE;
				GCC_WARN_UNUSED_FUNCTION = YES;
				GCC_WARN_UNUSED_VARIABLE = YES;
				MACOSX_DEPLOYMENT_TARGET = 10.12;
				MTL_ENABLE_DEBUG_INFO = NO;
				SDKROOT = macosx;
				SWIFT_OPTIMIZATION_LEVEL = "-Owholemodule";
			};
			name = Release;
		};
		6E82C43A1EC58BB400DA5379 /* Debug */ = {
			isa = XCBuildConfiguration;
			buildSettings = {
				ASSETCATALOG_COMPILER_APPICON_NAME = AppIcon;
				COMBINE_HIDPI_IMAGES = YES;
				DEVELOPMENT_TEAM = 45S5U7KJGD;
				INFOPLIST_FILE = TestMacApp/Info.plist;
				LD_RUNPATH_SEARCH_PATHS = "$(inherited) @executable_path/../Frameworks";
				PRODUCT_BUNDLE_IDENTIFIER = com.testing.pogo.TestMacApp;
				PRODUCT_NAME = "$(TARGET_NAME)";
				SWIFT_VERSION = 3.0;
			};
			name = Debug;
		};
		6E82C43B1EC58BB400DA5379 /* Release */ = {
			isa = XCBuildConfiguration;
			buildSettings = {
				ASSETCATALOG_COMPILER_APPICON_NAME = AppIcon;
				COMBINE_HIDPI_IMAGES = YES;
				DEVELOPMENT_TEAM = 45S5U7KJGD;
				INFOPLIST_FILE = TestMacApp/Info.plist;
				LD_RUNPATH_SEARCH_PATHS = "$(inherited) @executable_path/../Frameworks";
				PRODUCT_BUNDLE_IDENTIFIER = com.testing.pogo.TestMacApp;
				PRODUCT_NAME = "$(TARGET_NAME)";
				SWIFT_VERSION = 3.0;
			};
			name = Release;
		};
/* End XCBuildConfiguration section */

/* Begin XCConfigurationList section */
		6E82C4251EC58BB300DA5379 /* Build configuration list for PBXProject "TestMacApp" */ = {
			isa = XCConfigurationList;
			buildConfigurations = (
				6E82C4371EC58BB400DA5379 /* Debug */,
				6E82C4381EC58BB400DA5379 /* Release */,
			);
			defaultConfigurationIsVisible = 0;
			defaultConfigurationName = Release;
		};
		6E82C4391EC58BB400DA5379 /* Build configuration list for PBXNativeTarget "TestMacApp" */ = {
			isa = XCConfigurationList;
			buildConfigurations = (
				6E82C43A1EC58BB400DA5379 /* Debug */,
				6E82C43B1EC58BB400DA5379 /* Release */,
			);
			defaultConfigurationIsVisible = 0;
		};
/* End XCConfigurationList section */
	};
	rootObject = 6E82C4221EC58BB300DA5379 /* Project object */;
}
